Microsoft Visual Studio Solution File, Format Version 11.00
# Visual Studio 2008

Project("{AAF61EE7-FC11-AC02-7A36-A235E7963F85}") = "Timing_RPG", "Assembly-CSharp-firstpass.csproj", "{4818ABE6-CE72-C890-6BFA-9AD89A064C08}"
EndProject
Project("{AAF61EE7-FC11-AC02-7A36-A235E7963F85}") = "Timing_RPG", "Assembly-CSharp.csproj", "{6A274415-3683-ACEB-606E-AC35EBF1A7C0}"
EndProject
Project("{AAF61EE7-FC11-AC02-7A36-A235E7963F85}") = "Timing_RPG", "Assembly-UnityScript-firstpass.unityproj", "{DAD8F6DB-DBC1-C2FB-91DE-BE4EAC1BB750}"
EndProject
Global
	GlobalSection(SolutionConfigurationPlatforms) = preSolution
		Debug|Any CPU = Debug|Any CPU
		Release|Any CPU = Release|Any CPU
	EndGlobalSection
	GlobalSection(ProjectConfigurationPlatforms) = postSolution
		{4818ABE6-CE72-C890-6BFA-9AD89A064C08}.Debug|Any CPU.ActiveCfg = Debug|Any CPU
		{4818ABE6-CE72-C890-6BFA-9AD89A064C08}.Debug|Any CPU.Build.0 = Debug|Any CPU
		{4818ABE6-CE72-C890-6BFA-9AD89A064C08}.Release|Any CPU.ActiveCfg = Release|Any CPU
		{4818ABE6-CE72-C890-6BFA-9AD89A064C08}.Release|Any CPU.Build.0 = Release|Any CPU
		{6A274415-3683-ACEB-606E-AC35EBF1A7C0}.Debug|Any CPU.ActiveCfg = Debug|Any CPU
		{6A274415-3683-ACEB-606E-AC35EBF1A7C0}.Debug|Any CPU.Build.0 = Debug|Any CPU
		{6A274415-3683-ACEB-606E-AC35EBF1A7C0}.Release|Any CPU.ActiveCfg = Release|Any CPU
		{6A274415-3683-ACEB-606E-AC35EBF1A7C0}.Release|Any CPU.Build.0 = Release|Any CPU
		{DAD8F6DB-DBC1-C2FB-91DE-BE4EAC1BB750}.Debug|Any CPU.ActiveCfg = Debug|Any CPU
		{DAD8F6DB-DBC1-C2FB-91DE-BE4EAC1BB750}.Debug|Any CPU.Build.0 = Debug|Any CPU
		{DAD8F6DB-DBC1-C2FB-91DE-BE4EAC1BB750}.Release|Any CPU.ActiveCfg = Release|Any CPU
		{DAD8F6DB-DBC1-C2FB-91DE-BE4EAC1BB750}.Release|Any CPU.Build.0 = Release|Any CPU
	EndGlobalSection
	GlobalSection(SolutionProperties) = preSolution
		HideSolutionNode = FALSE
	EndGlobalSection
																																																		GlobalSection(MonoDevelopProperties) = preSolution
		StartupItem = Assembly-CSharp.csproj
		Policies = $0
		$0.TextStylePolicy = $1
		$1.inheritsSet = null
		$1.scope = text/x-csharp
		$0.CSharpFormattingPolicy = $2
		$2.inheritsSet = Mono
		$2.inheritsScope = text/x-csharp
		$2.scope = text/x-csharp
		$0.TextStylePolicy = $3
		$3.FileWidth = 120
		$3.TabWidth = 4
		$3.EolMarker = Unix
		$3.inheritsSet = Mono
		$3.inheritsScope = text/plain
		$3.scope = text/plain
	EndGlobalSection

EndGlobal
